
Microsoft Visual Studio Solution File, Format Version 12.00
# Visual Studio Version 16
VisualStudioVersion = 16.0.36128.20
MinimumVisualStudioVersion = 10.0.40219.1
Project("{FAE04EC0-301F-11D3-BF4B-00C04F79EFBC}") = "Assignment3", "Assignment3\Assignment3.csproj", "{D2F7A38B-A63C-4F96-88F4-7F1E2BCF967D}"
EndProject
Global
	GlobalSection(SolutionConfigurationPlatforms) = preSolution
		Debug|Any CPU = Debug|Any CPU
		Release|Any CPU = Release|Any CPU
	EndGlobalSection
	GlobalSection(ProjectConfigurationPlatforms) = postSolution
		{D2F7A38B-A63C-4F96-88F4-7F1E2BCF967D}.Debug|Any CPU.ActiveCfg = Debug|Any CPU
		{D2F7A38B-A63C-4F96-88F4-7F1E2BCF967D}.Debug|Any CPU.Build.0 = Debug|Any CPU
		{D2F7A38B-A63C-4F96-88F4-7F1E2BCF967D}.Release|Any CPU.ActiveCfg = Release|Any CPU
		{D2F7A38B-A63C-4F96-88F4-7F1E2BCF967D}.Release|Any CPU.Build.0 = Release|Any CPU
	EndGlobalSection
	GlobalSection(SolutionProperties) = preSolution
		HideSolutionNode = FALSE
	EndGlobalSection
	GlobalSection(ExtensibilityGlobals) = postSolution
		SolutionGuid = {707F9303-8D9B-45C8-A34A-E87B8258208C}
	EndGlobalSection
EndGlobal
