
Microsoft Visual Studio Solution File, Format Version 12.00
# Visual Studio Version 16
VisualStudioVersion = 16.0.36128.20
MinimumVisualStudioVersion = 10.0.40219.1
Project("{FAE04EC0-301F-11D3-BF4B-00C04F79EFBC}") = "CSharpCC1", "CSharpCC1\CSharpCC1.csproj", "{901CBE26-FFFA-4ABD-89A4-49454900CF47}"
EndProject
Global
	GlobalSection(SolutionConfigurationPlatforms) = preSolution
		Debug|Any CPU = Debug|Any CPU
		Release|Any CPU = Release|Any CPU
	EndGlobalSection
	GlobalSection(ProjectConfigurationPlatforms) = postSolution
		{901CBE26-FFFA-4ABD-89A4-49454900CF47}.Debug|Any CPU.ActiveCfg = Debug|Any CPU
		{901CBE26-FFFA-4ABD-89A4-49454900CF47}.Debug|Any CPU.Build.0 = Debug|Any CPU
		{901CBE26-FFFA-4ABD-89A4-49454900CF47}.Release|Any CPU.ActiveCfg = Release|Any CPU
		{901CBE26-FFFA-4ABD-89A4-49454900CF47}.Release|Any CPU.Build.0 = Release|Any CPU
	EndGlobalSection
	GlobalSection(SolutionProperties) = preSolution
		HideSolutionNode = FALSE
	EndGlobalSection
	GlobalSection(ExtensibilityGlobals) = postSolution
		SolutionGuid = {0BEB3791-AA42-4C8C-BD82-D3DBDFF37F49}
	EndGlobalSection
EndGlobal
