
Microsoft Visual Studio Solution File, Format Version 12.00
# Visual Studio Version 16
VisualStudioVersion = 16.0.36128.20
MinimumVisualStudioVersion = 10.0.40219.1
Project("{FAE04EC0-301F-11D3-BF4B-00C04F79EFBC}") = "Assignment7", "Assignment7\Assignment7.csproj", "{77D0AC56-0AE6-4691-983F-447933B23F43}"
EndProject
Project("{FAE04EC0-301F-11D3-BF4B-00C04F79EFBC}") = "Lib1", "Lib1\Lib1.csproj", "{EABA11C4-188C-469D-9DAC-BCDEDA6232F8}"
EndProject
Global
	GlobalSection(SolutionConfigurationPlatforms) = preSolution
		Debug|Any CPU = Debug|Any CPU
		Release|Any CPU = Release|Any CPU
	EndGlobalSection
	GlobalSection(ProjectConfigurationPlatforms) = postSolution
		{77D0AC56-0AE6-4691-983F-447933B23F43}.Debug|Any CPU.ActiveCfg = Debug|Any CPU
		{77D0AC56-0AE6-4691-983F-447933B23F43}.Debug|Any CPU.Build.0 = Debug|Any CPU
		{77D0AC56-0AE6-4691-983F-447933B23F43}.Release|Any CPU.ActiveCfg = Release|Any CPU
		{77D0AC56-0AE6-4691-983F-447933B23F43}.Release|Any CPU.Build.0 = Release|Any CPU
		{EABA11C4-188C-469D-9DAC-BCDEDA6232F8}.Debug|Any CPU.ActiveCfg = Debug|Any CPU
		{EABA11C4-188C-469D-9DAC-BCDEDA6232F8}.Debug|Any CPU.Build.0 = Debug|Any CPU
		{EABA11C4-188C-469D-9DAC-BCDEDA6232F8}.Release|Any CPU.ActiveCfg = Release|Any CPU
		{EABA11C4-188C-469D-9DAC-BCDEDA6232F8}.Release|Any CPU.Build.0 = Release|Any CPU
	EndGlobalSection
	GlobalSection(SolutionProperties) = preSolution
		HideSolutionNode = FALSE
	EndGlobalSection
	GlobalSection(ExtensibilityGlobals) = postSolution
		SolutionGuid = {FD49AF62-3DBB-4A7D-9117-385EF90812D7}
	EndGlobalSection
EndGlobal
