
Microsoft Visual Studio Solution File, Format Version 12.00
# Visual Studio Version 16
VisualStudioVersion = 16.0.36128.20
MinimumVisualStudioVersion = 10.0.40219.1
Project("{FAE04EC0-301F-11D3-BF4B-00C04F79EFBC}") = "Code_Challenge_7", "Code_Challenge_7\Code_Challenge_7.csproj", "{6942EBD4-5FB9-483D-9D3F-C135EDE11765}"
EndProject
Global
	GlobalSection(SolutionConfigurationPlatforms) = preSolution
		Debug|Any CPU = Debug|Any CPU
		Release|Any CPU = Release|Any CPU
	EndGlobalSection
	GlobalSection(ProjectConfigurationPlatforms) = postSolution
		{6942EBD4-5FB9-483D-9D3F-C135EDE11765}.Debug|Any CPU.ActiveCfg = Debug|Any CPU
		{6942EBD4-5FB9-483D-9D3F-C135EDE11765}.Debug|Any CPU.Build.0 = Debug|Any CPU
		{6942EBD4-5FB9-483D-9D3F-C135EDE11765}.Release|Any CPU.ActiveCfg = Release|Any CPU
		{6942EBD4-5FB9-483D-9D3F-C135EDE11765}.Release|Any CPU.Build.0 = Release|Any CPU
	EndGlobalSection
	GlobalSection(SolutionProperties) = preSolution
		HideSolutionNode = FALSE
	EndGlobalSection
	GlobalSection(ExtensibilityGlobals) = postSolution
		SolutionGuid = {B8A180BC-B839-42FB-9CA0-D9CBC1211FF8}
	EndGlobalSection
EndGlobal
