
Microsoft Visual Studio Solution File, Format Version 12.00
# Visual Studio Version 16
VisualStudioVersion = 16.0.36128.20
MinimumVisualStudioVersion = 10.0.40219.1
Project("{FAE04EC0-301F-11D3-BF4B-00C04F79EFBC}") = "task7", "task7\task7.csproj", "{C9A2AA58-F368-4209-BC7A-D3A1B31FA94D}"
EndProject
Global
	GlobalSection(SolutionConfigurationPlatforms) = preSolution
		Debug|Any CPU = Debug|Any CPU
		Release|Any CPU = Release|Any CPU
	EndGlobalSection
	GlobalSection(ProjectConfigurationPlatforms) = postSolution
		{C9A2AA58-F368-4209-BC7A-D3A1B31FA94D}.Debug|Any CPU.ActiveCfg = Debug|Any CPU
		{C9A2AA58-F368-4209-BC7A-D3A1B31FA94D}.Debug|Any CPU.Build.0 = Debug|Any CPU
		{C9A2AA58-F368-4209-BC7A-D3A1B31FA94D}.Release|Any CPU.ActiveCfg = Release|Any CPU
		{C9A2AA58-F368-4209-BC7A-D3A1B31FA94D}.Release|Any CPU.Build.0 = Release|Any CPU
	EndGlobalSection
	GlobalSection(SolutionProperties) = preSolution
		HideSolutionNode = FALSE
	EndGlobalSection
	GlobalSection(ExtensibilityGlobals) = postSolution
		SolutionGuid = {820CF9EB-6263-40AD-8BE2-9131DEA5B20E}
	EndGlobalSection
EndGlobal
